
Microsoft Visual Studio Solution File, Format Version 12.00
# Visual Studio 15
VisualStudioVersion = 15.0.28010.2048
MinimumVisualStudioVersion = 10.0.40219.1
Project("{FAE04EC0-301F-11D3-BF4B-00C04F79EFBC}") = "SwapiDC", "SwapiDC\SwapiDC.csproj", "{4778C479-663A-41C7-90AA-AE4796623A39}"
EndProject
Project("{FAE04EC0-301F-11D3-BF4B-00C04F79EFBC}") = "SwapiDC.Tests", "SwapiDC.Tests\SwapiDC.Tests.csproj", "{8E351C60-B08C-4A91-98C9-96E772C480A6}"
EndProject
Global
	GlobalSection(SolutionConfigurationPlatforms) = preSolution
		Debug|Any CPU = Debug|Any CPU
		Release|Any CPU = Release|Any CPU
	EndGlobalSection
	GlobalSection(ProjectConfigurationPlatforms) = postSolution
		{4778C479-663A-41C7-90AA-AE4796623A39}.Debug|Any CPU.ActiveCfg = Debug|Any CPU
		{4778C479-663A-41C7-90AA-AE4796623A39}.Debug|Any CPU.Build.0 = Debug|Any CPU
		{4778C479-663A-41C7-90AA-AE4796623A39}.Release|Any CPU.ActiveCfg = Release|Any CPU
		{4778C479-663A-41C7-90AA-AE4796623A39}.Release|Any CPU.Build.0 = Release|Any CPU
		{8E351C60-B08C-4A91-98C9-96E772C480A6}.Debug|Any CPU.ActiveCfg = Debug|Any CPU
		{8E351C60-B08C-4A91-98C9-96E772C480A6}.Debug|Any CPU.Build.0 = Debug|Any CPU
		{8E351C60-B08C-4A91-98C9-96E772C480A6}.Release|Any CPU.ActiveCfg = Release|Any CPU
		{8E351C60-B08C-4A91-98C9-96E772C480A6}.Release|Any CPU.Build.0 = Release|Any CPU
	EndGlobalSection
	GlobalSection(SolutionProperties) = preSolution
		HideSolutionNode = FALSE
	EndGlobalSection
	GlobalSection(ExtensibilityGlobals) = postSolution
		SolutionGuid = {F1BD2496-CBF6-4056-A2BE-87C9AE58A645}
	EndGlobalSection
EndGlobal
